{
  "requires": true,
  "lockfileVersion": 1,
  "dependencies": {
    "fecha": {
      "version": "3.0.2",
      "resolved": "https://registry.npmjs.org/fecha/-/fecha-3.0.2.tgz",
      "integrity": "sha512-oJK6YbKtmz1uvuDsUHOmo9X2HKmYAcRWtzW2yrCzOJRUfyGUEu/8cDymBdedgEnkdJiTpNyPogWqfTuYffU4yA=="
    },
    "silly-datetime": {
      "version": "0.1.2",
      "resolved": "https://registry.npmjs.org/silly-datetime/-/silly-datetime-0.1.2.tgz",
      "integrity": "sha1-IZeOjo2EgWFgY6wRL/FGk/BuuFs="
    }
  }
}
